
Microsoft Visual Studio Solution File, Format Version 12.00
# Visual Studio Version 17
VisualStudioVersion = 17.0.32112.339
MinimumVisualStudioVersion = 10.0.40219.1
Project("{9A19103F-16F7-4668-BE54-9A1E7A4F7556}") = "EntitiyFrameworkTry2", "EntitiyFrameworkTry2.csproj", "{E1B847F8-6310-48A8-A894-8DA563E101FA}"
EndProject
Project("{FAE04EC0-301F-11D3-BF4B-00C04F79EFBC}") = "DataAccess", "..\DataAccess\DataAccess.csproj", "{BF641CD1-9F28-411B-9DA6-387F97D1B379}"
EndProject
Project("{FAE04EC0-301F-11D3-BF4B-00C04F79EFBC}") = "Business", "..\Business\Business.csproj", "{70748AAC-56D3-4789-9433-6D259B201582}"
EndProject
Project("{FAE04EC0-301F-11D3-BF4B-00C04F79EFBC}") = "Entity", "..\Entity\Entity.csproj", "{95C11762-DEFC-4FFA-96B9-D105E122A639}"
EndProject
Global
	GlobalSection(SolutionConfigurationPlatforms) = preSolution
		Debug|Any CPU = Debug|Any CPU
		Release|Any CPU = Release|Any CPU
	EndGlobalSection
	GlobalSection(ProjectConfigurationPlatforms) = postSolution
		{E1B847F8-6310-48A8-A894-8DA563E101FA}.Debug|Any CPU.ActiveCfg = Debug|Any CPU
		{E1B847F8-6310-48A8-A894-8DA563E101FA}.Debug|Any CPU.Build.0 = Debug|Any CPU
		{E1B847F8-6310-48A8-A894-8DA563E101FA}.Release|Any CPU.ActiveCfg = Release|Any CPU
		{E1B847F8-6310-48A8-A894-8DA563E101FA}.Release|Any CPU.Build.0 = Release|Any CPU
		{BF641CD1-9F28-411B-9DA6-387F97D1B379}.Debug|Any CPU.ActiveCfg = Debug|Any CPU
		{BF641CD1-9F28-411B-9DA6-387F97D1B379}.Debug|Any CPU.Build.0 = Debug|Any CPU
		{BF641CD1-9F28-411B-9DA6-387F97D1B379}.Release|Any CPU.ActiveCfg = Release|Any CPU
		{BF641CD1-9F28-411B-9DA6-387F97D1B379}.Release|Any CPU.Build.0 = Release|Any CPU
		{70748AAC-56D3-4789-9433-6D259B201582}.Debug|Any CPU.ActiveCfg = Debug|Any CPU
		{70748AAC-56D3-4789-9433-6D259B201582}.Debug|Any CPU.Build.0 = Debug|Any CPU
		{70748AAC-56D3-4789-9433-6D259B201582}.Release|Any CPU.ActiveCfg = Release|Any CPU
		{70748AAC-56D3-4789-9433-6D259B201582}.Release|Any CPU.Build.0 = Release|Any CPU
		{95C11762-DEFC-4FFA-96B9-D105E122A639}.Debug|Any CPU.ActiveCfg = Debug|Any CPU
		{95C11762-DEFC-4FFA-96B9-D105E122A639}.Debug|Any CPU.Build.0 = Debug|Any CPU
		{95C11762-DEFC-4FFA-96B9-D105E122A639}.Release|Any CPU.ActiveCfg = Release|Any CPU
		{95C11762-DEFC-4FFA-96B9-D105E122A639}.Release|Any CPU.Build.0 = Release|Any CPU
	EndGlobalSection
	GlobalSection(SolutionProperties) = preSolution
		HideSolutionNode = FALSE
	EndGlobalSection
	GlobalSection(ExtensibilityGlobals) = postSolution
		SolutionGuid = {E569C563-8C19-4C90-9B40-38E351CCB49D}
	EndGlobalSection
EndGlobal
